
Microsoft Visual Studio Solution File, Format Version 12.00
# Visual Studio Version 16
VisualStudioVersion = 16.0.30907.101
MinimumVisualStudioVersion = 10.0.40219.1
Project("{9A19103F-16F7-4668-BE54-9A1E7A4F7556}") = "MicroServicesDemo.Basket", "MicroServicesDemo.Basket\MicroServicesDemo.Basket.csproj", "{F3F2577A-76C4-4C48-9D2D-D250BC5512F5}"
EndProject
Project("{2150E333-8FDC-42A3-9474-1A3956D46DE8}") = "EventBus", "EventBus", "{FBAF0C43-B7E4-4CF4-91A5-B4DB3791C564}"
EndProject
Project("{9A19103F-16F7-4668-BE54-9A1E7A4F7556}") = "EventBus", "EventBus\EventBus\EventBus.csproj", "{32CDA1EE-27E4-4AC5-AFA9-C100A953A1D4}"
EndProject
Project("{9A19103F-16F7-4668-BE54-9A1E7A4F7556}") = "EventBusRabbitMQ", "EventBus\EventBusRabbitMQ\EventBusRabbitMQ.csproj", "{84CE6E9C-D80E-4A41-ABFF-7797FE014743}"
EndProject
Global
	GlobalSection(SolutionConfigurationPlatforms) = preSolution
		Debug|Any CPU = Debug|Any CPU
		Release|Any CPU = Release|Any CPU
	EndGlobalSection
	GlobalSection(ProjectConfigurationPlatforms) = postSolution
		{F3F2577A-76C4-4C48-9D2D-D250BC5512F5}.Debug|Any CPU.ActiveCfg = Debug|Any CPU
		{F3F2577A-76C4-4C48-9D2D-D250BC5512F5}.Debug|Any CPU.Build.0 = Debug|Any CPU
		{F3F2577A-76C4-4C48-9D2D-D250BC5512F5}.Release|Any CPU.ActiveCfg = Release|Any CPU
		{F3F2577A-76C4-4C48-9D2D-D250BC5512F5}.Release|Any CPU.Build.0 = Release|Any CPU
		{32CDA1EE-27E4-4AC5-AFA9-C100A953A1D4}.Debug|Any CPU.ActiveCfg = Debug|Any CPU
		{32CDA1EE-27E4-4AC5-AFA9-C100A953A1D4}.Debug|Any CPU.Build.0 = Debug|Any CPU
		{32CDA1EE-27E4-4AC5-AFA9-C100A953A1D4}.Release|Any CPU.ActiveCfg = Release|Any CPU
		{32CDA1EE-27E4-4AC5-AFA9-C100A953A1D4}.Release|Any CPU.Build.0 = Release|Any CPU
		{84CE6E9C-D80E-4A41-ABFF-7797FE014743}.Debug|Any CPU.ActiveCfg = Debug|Any CPU
		{84CE6E9C-D80E-4A41-ABFF-7797FE014743}.Debug|Any CPU.Build.0 = Debug|Any CPU
		{84CE6E9C-D80E-4A41-ABFF-7797FE014743}.Release|Any CPU.ActiveCfg = Release|Any CPU
		{84CE6E9C-D80E-4A41-ABFF-7797FE014743}.Release|Any CPU.Build.0 = Release|Any CPU
	EndGlobalSection
	GlobalSection(SolutionProperties) = preSolution
		HideSolutionNode = FALSE
	EndGlobalSection
	GlobalSection(NestedProjects) = preSolution
		{32CDA1EE-27E4-4AC5-AFA9-C100A953A1D4} = {FBAF0C43-B7E4-4CF4-91A5-B4DB3791C564}
		{84CE6E9C-D80E-4A41-ABFF-7797FE014743} = {FBAF0C43-B7E4-4CF4-91A5-B4DB3791C564}
	EndGlobalSection
	GlobalSection(ExtensibilityGlobals) = postSolution
		SolutionGuid = {F4D16F15-98B3-4066-BC56-2C1BD70010C2}
	EndGlobalSection
EndGlobal
